{
  "name": "@elife/pkg-mgr",
  "version": "4.0.0",
  "lockfileVersion": 1,
  "requires": true,
  "dependencies": {
    "@elife/utils": {
      "version": "2.1.1",
      "resolved": "https://registry.npmjs.org/@elife/utils/-/utils-2.1.1.tgz",
      "integrity": "sha512-EYg9UANTM9O6uE+Qou8sHlHRjjHWO/SruGN80qJyXeSJcgNyHJ6+6L8N/xBhSf4mk9iUZKwHL6mkilC5SZ2jgA=="
    }
  }
}
